
Microsoft Visual Studio Solution File, Format Version 12.00
# Visual Studio Version 17
VisualStudioVersion = 17.0.31903.59
MinimumVisualStudioVersion = 10.0.40219.1
Project("{2150E333-8FDC-42A3-9474-1A3956D46DE8}") = "src", "src", "{D59453D0-5E6A-4853-9FFC-001D0B658FA0}"
EndProject
Project("{2150E333-8FDC-42A3-9474-1A3956D46DE8}") = "Core", "Core", "{6A58B7E9-CA05-4C5C-ABBC-6692888DAD7A}"
EndProject
Project("{FAE04EC0-301F-11D3-BF4B-00C04F79EFBC}") = "Karami.Common", "src\Core\Karami.Common\Karami.Common.csproj", "{34E91AD4-1B8F-462B-A803-C3A9F8CC1E30}"
EndProject
Project("{FAE04EC0-301F-11D3-BF4B-00C04F79EFBC}") = "Karami.Domain", "src\Core\Karami.Domain\Karami.Domain.csproj", "{619705AE-5F67-48DD-A445-048789F3ED3E}"
EndProject
Project("{FAE04EC0-301F-11D3-BF4B-00C04F79EFBC}") = "Karami.UseCase", "src\Core\Karami.UseCase\Karami.UseCase.csproj", "{63D15B60-7E15-4607-9A99-B08981DE39EC}"
EndProject
Project("{2150E333-8FDC-42A3-9474-1A3956D46DE8}") = "Infrastructure", "Infrastructure", "{6DB16CF4-5738-40EE-ABCD-FA4B7B288FD8}"
EndProject
Project("{FAE04EC0-301F-11D3-BF4B-00C04F79EFBC}") = "Karami.Infrastructure", "src\Infrastructure\Karami.Infrastructure\Karami.Infrastructure.csproj", "{4616E436-6462-4C85-B044-4CF84D043862}"
EndProject
Project("{FAE04EC0-301F-11D3-BF4B-00C04F79EFBC}") = "Karami.Persistence", "src\Infrastructure\Karami.Persistence\Karami.Persistence.csproj", "{B7411DD7-8B43-46D8-8866-591A70A86480}"
EndProject
Project("{2150E333-8FDC-42A3-9474-1A3956D46DE8}") = "Presentation", "Presentation", "{6B8484F4-9669-48ED-A376-C2EB3209A9E1}"
EndProject
Project("{FAE04EC0-301F-11D3-BF4B-00C04F79EFBC}") = "Karami.WebAPI", "src\Presentation\Karami.WebAPI\Karami.WebAPI.csproj", "{1E9F390F-6D46-4B6C-B983-7BDDCADA25E5}"
EndProject
Project("{2150E333-8FDC-42A3-9474-1A3956D46DE8}") = "test", "test", "{270408E0-0F2A-499D-AF44-1377FCFFDC1A}"
EndProject
Project("{2150E333-8FDC-42A3-9474-1A3956D46DE8}") = "E2ETests", "E2ETests", "{57A80248-5ACD-46A0-BB21-2BA47B3E2220}"
EndProject
Project("{2150E333-8FDC-42A3-9474-1A3956D46DE8}") = "IntegrationTests", "IntegrationTests", "{70968702-1B54-4B65-8C35-786FF0393F48}"
EndProject
Project("{FAE04EC0-301F-11D3-BF4B-00C04F79EFBC}") = "Infrastructure", "test\IntegrationTests\Infrastructure\Infrastructure.csproj", "{61F88B97-A8B3-4539-9544-9956C7D01309}"
EndProject
Project("{FAE04EC0-301F-11D3-BF4B-00C04F79EFBC}") = "Presentation", "test\IntegrationTests\Presentation\Presentation.csproj", "{9E207DA1-9CB6-4F56-BA46-B5A34A2C5830}"
EndProject
Project("{2150E333-8FDC-42A3-9474-1A3956D46DE8}") = "UnitTests", "UnitTests", "{1A9FFAA7-7E7E-4325-8608-59D19EB2A20E}"
EndProject
Project("{FAE04EC0-301F-11D3-BF4B-00C04F79EFBC}") = "Core", "test\UnitTests\Core\Core.csproj", "{0CAEE18C-52E9-4471-9F3E-626DDA2B4D89}"
EndProject
Project("{FAE04EC0-301F-11D3-BF4B-00C04F79EFBC}") = "Infrastructure", "test\UnitTests\Infrastructure\Infrastructure.csproj", "{0EA76EB8-B01E-4C96-89FA-0EEF5C871473}"
EndProject
Project("{FAE04EC0-301F-11D3-BF4B-00C04F79EFBC}") = "Presentation", "test\UnitTests\Presentation\Presentation.csproj", "{05423BB3-5647-4DDD-A1F2-D174CB20B320}"
EndProject
Project("{FAE04EC0-301F-11D3-BF4B-00C04F79EFBC}") = "Presentation", "test\E2ETests\Presentation\Presentation.csproj", "{18234429-7988-41CA-8A08-FC5521CB1647}"
EndProject
Global
	GlobalSection(SolutionConfigurationPlatforms) = preSolution
		Debug|Any CPU = Debug|Any CPU
		Release|Any CPU = Release|Any CPU
	EndGlobalSection
	GlobalSection(SolutionProperties) = preSolution
		HideSolutionNode = FALSE
	EndGlobalSection
	GlobalSection(ProjectConfigurationPlatforms) = postSolution
		{34E91AD4-1B8F-462B-A803-C3A9F8CC1E30}.Debug|Any CPU.ActiveCfg = Debug|Any CPU
		{34E91AD4-1B8F-462B-A803-C3A9F8CC1E30}.Debug|Any CPU.Build.0 = Debug|Any CPU
		{34E91AD4-1B8F-462B-A803-C3A9F8CC1E30}.Release|Any CPU.ActiveCfg = Release|Any CPU
		{34E91AD4-1B8F-462B-A803-C3A9F8CC1E30}.Release|Any CPU.Build.0 = Release|Any CPU
		{619705AE-5F67-48DD-A445-048789F3ED3E}.Debug|Any CPU.ActiveCfg = Debug|Any CPU
		{619705AE-5F67-48DD-A445-048789F3ED3E}.Debug|Any CPU.Build.0 = Debug|Any CPU
		{619705AE-5F67-48DD-A445-048789F3ED3E}.Release|Any CPU.ActiveCfg = Release|Any CPU
		{619705AE-5F67-48DD-A445-048789F3ED3E}.Release|Any CPU.Build.0 = Release|Any CPU
		{63D15B60-7E15-4607-9A99-B08981DE39EC}.Debug|Any CPU.ActiveCfg = Debug|Any CPU
		{63D15B60-7E15-4607-9A99-B08981DE39EC}.Debug|Any CPU.Build.0 = Debug|Any CPU
		{63D15B60-7E15-4607-9A99-B08981DE39EC}.Release|Any CPU.ActiveCfg = Release|Any CPU
		{63D15B60-7E15-4607-9A99-B08981DE39EC}.Release|Any CPU.Build.0 = Release|Any CPU
		{4616E436-6462-4C85-B044-4CF84D043862}.Debug|Any CPU.ActiveCfg = Debug|Any CPU
		{4616E436-6462-4C85-B044-4CF84D043862}.Debug|Any CPU.Build.0 = Debug|Any CPU
		{4616E436-6462-4C85-B044-4CF84D043862}.Release|Any CPU.ActiveCfg = Release|Any CPU
		{4616E436-6462-4C85-B044-4CF84D043862}.Release|Any CPU.Build.0 = Release|Any CPU
		{B7411DD7-8B43-46D8-8866-591A70A86480}.Debug|Any CPU.ActiveCfg = Debug|Any CPU
		{B7411DD7-8B43-46D8-8866-591A70A86480}.Debug|Any CPU.Build.0 = Debug|Any CPU
		{B7411DD7-8B43-46D8-8866-591A70A86480}.Release|Any CPU.ActiveCfg = Release|Any CPU
		{B7411DD7-8B43-46D8-8866-591A70A86480}.Release|Any CPU.Build.0 = Release|Any CPU
		{1E9F390F-6D46-4B6C-B983-7BDDCADA25E5}.Debug|Any CPU.ActiveCfg = Debug|Any CPU
		{1E9F390F-6D46-4B6C-B983-7BDDCADA25E5}.Debug|Any CPU.Build.0 = Debug|Any CPU
		{1E9F390F-6D46-4B6C-B983-7BDDCADA25E5}.Release|Any CPU.ActiveCfg = Release|Any CPU
		{1E9F390F-6D46-4B6C-B983-7BDDCADA25E5}.Release|Any CPU.Build.0 = Release|Any CPU
		{61F88B97-A8B3-4539-9544-9956C7D01309}.Debug|Any CPU.ActiveCfg = Debug|Any CPU
		{61F88B97-A8B3-4539-9544-9956C7D01309}.Debug|Any CPU.Build.0 = Debug|Any CPU
		{61F88B97-A8B3-4539-9544-9956C7D01309}.Release|Any CPU.ActiveCfg = Release|Any CPU
		{61F88B97-A8B3-4539-9544-9956C7D01309}.Release|Any CPU.Build.0 = Release|Any CPU
		{9E207DA1-9CB6-4F56-BA46-B5A34A2C5830}.Debug|Any CPU.ActiveCfg = Debug|Any CPU
		{9E207DA1-9CB6-4F56-BA46-B5A34A2C5830}.Debug|Any CPU.Build.0 = Debug|Any CPU
		{9E207DA1-9CB6-4F56-BA46-B5A34A2C5830}.Release|Any CPU.ActiveCfg = Release|Any CPU
		{9E207DA1-9CB6-4F56-BA46-B5A34A2C5830}.Release|Any CPU.Build.0 = Release|Any CPU
		{0CAEE18C-52E9-4471-9F3E-626DDA2B4D89}.Debug|Any CPU.ActiveCfg = Debug|Any CPU
		{0CAEE18C-52E9-4471-9F3E-626DDA2B4D89}.Debug|Any CPU.Build.0 = Debug|Any CPU
		{0CAEE18C-52E9-4471-9F3E-626DDA2B4D89}.Release|Any CPU.ActiveCfg = Release|Any CPU
		{0CAEE18C-52E9-4471-9F3E-626DDA2B4D89}.Release|Any CPU.Build.0 = Release|Any CPU
		{0EA76EB8-B01E-4C96-89FA-0EEF5C871473}.Debug|Any CPU.ActiveCfg = Debug|Any CPU
		{0EA76EB8-B01E-4C96-89FA-0EEF5C871473}.Debug|Any CPU.Build.0 = Debug|Any CPU
		{0EA76EB8-B01E-4C96-89FA-0EEF5C871473}.Release|Any CPU.ActiveCfg = Release|Any CPU
		{0EA76EB8-B01E-4C96-89FA-0EEF5C871473}.Release|Any CPU.Build.0 = Release|Any CPU
		{05423BB3-5647-4DDD-A1F2-D174CB20B320}.Debug|Any CPU.ActiveCfg = Debug|Any CPU
		{05423BB3-5647-4DDD-A1F2-D174CB20B320}.Debug|Any CPU.Build.0 = Debug|Any CPU
		{05423BB3-5647-4DDD-A1F2-D174CB20B320}.Release|Any CPU.ActiveCfg = Release|Any CPU
		{05423BB3-5647-4DDD-A1F2-D174CB20B320}.Release|Any CPU.Build.0 = Release|Any CPU
		{18234429-7988-41CA-8A08-FC5521CB1647}.Debug|Any CPU.ActiveCfg = Debug|Any CPU
		{18234429-7988-41CA-8A08-FC5521CB1647}.Debug|Any CPU.Build.0 = Debug|Any CPU
		{18234429-7988-41CA-8A08-FC5521CB1647}.Release|Any CPU.ActiveCfg = Release|Any CPU
		{18234429-7988-41CA-8A08-FC5521CB1647}.Release|Any CPU.Build.0 = Release|Any CPU
	EndGlobalSection
	GlobalSection(NestedProjects) = preSolution
		{6A58B7E9-CA05-4C5C-ABBC-6692888DAD7A} = {D59453D0-5E6A-4853-9FFC-001D0B658FA0}
		{34E91AD4-1B8F-462B-A803-C3A9F8CC1E30} = {6A58B7E9-CA05-4C5C-ABBC-6692888DAD7A}
		{619705AE-5F67-48DD-A445-048789F3ED3E} = {6A58B7E9-CA05-4C5C-ABBC-6692888DAD7A}
		{63D15B60-7E15-4607-9A99-B08981DE39EC} = {6A58B7E9-CA05-4C5C-ABBC-6692888DAD7A}
		{6DB16CF4-5738-40EE-ABCD-FA4B7B288FD8} = {D59453D0-5E6A-4853-9FFC-001D0B658FA0}
		{4616E436-6462-4C85-B044-4CF84D043862} = {6DB16CF4-5738-40EE-ABCD-FA4B7B288FD8}
		{B7411DD7-8B43-46D8-8866-591A70A86480} = {6DB16CF4-5738-40EE-ABCD-FA4B7B288FD8}
		{6B8484F4-9669-48ED-A376-C2EB3209A9E1} = {D59453D0-5E6A-4853-9FFC-001D0B658FA0}
		{1E9F390F-6D46-4B6C-B983-7BDDCADA25E5} = {6B8484F4-9669-48ED-A376-C2EB3209A9E1}
		{57A80248-5ACD-46A0-BB21-2BA47B3E2220} = {270408E0-0F2A-499D-AF44-1377FCFFDC1A}
		{70968702-1B54-4B65-8C35-786FF0393F48} = {270408E0-0F2A-499D-AF44-1377FCFFDC1A}
		{61F88B97-A8B3-4539-9544-9956C7D01309} = {70968702-1B54-4B65-8C35-786FF0393F48}
		{9E207DA1-9CB6-4F56-BA46-B5A34A2C5830} = {70968702-1B54-4B65-8C35-786FF0393F48}
		{1A9FFAA7-7E7E-4325-8608-59D19EB2A20E} = {270408E0-0F2A-499D-AF44-1377FCFFDC1A}
		{0CAEE18C-52E9-4471-9F3E-626DDA2B4D89} = {1A9FFAA7-7E7E-4325-8608-59D19EB2A20E}
		{0EA76EB8-B01E-4C96-89FA-0EEF5C871473} = {1A9FFAA7-7E7E-4325-8608-59D19EB2A20E}
		{05423BB3-5647-4DDD-A1F2-D174CB20B320} = {1A9FFAA7-7E7E-4325-8608-59D19EB2A20E}
		{18234429-7988-41CA-8A08-FC5521CB1647} = {57A80248-5ACD-46A0-BB21-2BA47B3E2220}
	EndGlobalSection
EndGlobal
